
Microsoft Visual Studio Solution File, Format Version 12.00
# Visual Studio Version 17
VisualStudioVersion = 17.14.36203.30 d17.14
MinimumVisualStudioVersion = 10.0.40219.1
Project("{FAE04EC0-301F-11D3-BF4B-00C04F79EFBC}") = "Mobile_Store", "Mobile_Store.csproj", "{35303DF6-E744-448B-8963-CE1A46F33C4B}"
EndProject
Project("{FAE04EC0-301F-11D3-BF4B-00C04F79EFBC}") = "Mobile_Store Buisness", "..\Mobile_Store Buisness\Mobile_Store Buisness.csproj", "{BC5A5AA6-8031-4CC1-B264-83371894D175}"
EndProject
Project("{FAE04EC0-301F-11D3-BF4B-00C04F79EFBC}") = "Mobile_Store Data Access", "..\Mobile_Store Data Access\Mobile_Store Data Access.csproj", "{B99A0906-C333-466F-B7E2-E6BFD3BB7B66}"
EndProject
Global
	GlobalSection(SolutionConfigurationPlatforms) = preSolution
		Debug|Any CPU = Debug|Any CPU
		Release|Any CPU = Release|Any CPU
	EndGlobalSection
	GlobalSection(ProjectConfigurationPlatforms) = postSolution
		{35303DF6-E744-448B-8963-CE1A46F33C4B}.Debug|Any CPU.ActiveCfg = Debug|Any CPU
		{35303DF6-E744-448B-8963-CE1A46F33C4B}.Debug|Any CPU.Build.0 = Debug|Any CPU
		{35303DF6-E744-448B-8963-CE1A46F33C4B}.Release|Any CPU.ActiveCfg = Release|Any CPU
		{35303DF6-E744-448B-8963-CE1A46F33C4B}.Release|Any CPU.Build.0 = Release|Any CPU
		{BC5A5AA6-8031-4CC1-B264-83371894D175}.Debug|Any CPU.ActiveCfg = Debug|Any CPU
		{BC5A5AA6-8031-4CC1-B264-83371894D175}.Debug|Any CPU.Build.0 = Debug|Any CPU
		{BC5A5AA6-8031-4CC1-B264-83371894D175}.Release|Any CPU.ActiveCfg = Release|Any CPU
		{BC5A5AA6-8031-4CC1-B264-83371894D175}.Release|Any CPU.Build.0 = Release|Any CPU
		{B99A0906-C333-466F-B7E2-E6BFD3BB7B66}.Debug|Any CPU.ActiveCfg = Debug|Any CPU
		{B99A0906-C333-466F-B7E2-E6BFD3BB7B66}.Debug|Any CPU.Build.0 = Debug|Any CPU
		{B99A0906-C333-466F-B7E2-E6BFD3BB7B66}.Release|Any CPU.ActiveCfg = Release|Any CPU
		{B99A0906-C333-466F-B7E2-E6BFD3BB7B66}.Release|Any CPU.Build.0 = Release|Any CPU
	EndGlobalSection
	GlobalSection(SolutionProperties) = preSolution
		HideSolutionNode = FALSE
	EndGlobalSection
	GlobalSection(ExtensibilityGlobals) = postSolution
		SolutionGuid = {2D5847EC-5722-4B98-A391-1037AE32CE76}
	EndGlobalSection
EndGlobal
